
Microsoft Visual Studio Solution File, Format Version 12.00
Project("{FAE04EC0-301F-11D3-BF4B-00C04F79EFBC}") = "BUTR.NativeAOT.Shared", "BUTR.NativeAOT.Shared\BUTR.NativeAOT.Shared.csproj", "{763F8A1F-C5BD-4D29-94BA-4286E52ABB43}"
EndProject
Project("{2150E333-8FDC-42A3-9474-1A3956D46DE8}") = "src", "src", "{76D279A1-CCF8-4D52-939E-8FC58D02C71A}"
EndProject
Project("{2150E333-8FDC-42A3-9474-1A3956D46DE8}") = "root", "root", "{78F455AA-4FD5-4C4F-8F26-0EF0720E5CBB}"
	ProjectSection(SolutionItems) = preProject
		..\.editorconfig = ..\.editorconfig
		..\.gitignore = ..\.gitignore
		..\LICENSE = ..\LICENSE
		..\README.md = ..\README.md
	EndProjectSection
EndProject
Project("{2150E333-8FDC-42A3-9474-1A3956D46DE8}") = "workflows", "workflows", "{EDCD708F-0592-46C1-A586-550272BD9E45}"
	ProjectSection(SolutionItems) = preProject
		..\.github\workflows\publish-nuget.yml = ..\.github\workflows\publish-nuget.yml
	EndProjectSection
EndProject
Global
	GlobalSection(SolutionConfigurationPlatforms) = preSolution
		Debug|Any CPU = Debug|Any CPU
		Release|Any CPU = Release|Any CPU
	EndGlobalSection
	GlobalSection(ProjectConfigurationPlatforms) = postSolution
		{763F8A1F-C5BD-4D29-94BA-4286E52ABB43}.Debug|Any CPU.ActiveCfg = Debug|Any CPU
		{763F8A1F-C5BD-4D29-94BA-4286E52ABB43}.Debug|Any CPU.Build.0 = Debug|Any CPU
		{763F8A1F-C5BD-4D29-94BA-4286E52ABB43}.Release|Any CPU.ActiveCfg = Release|Any CPU
		{763F8A1F-C5BD-4D29-94BA-4286E52ABB43}.Release|Any CPU.Build.0 = Release|Any CPU
	EndGlobalSection
	GlobalSection(NestedProjects) = preSolution
		{763F8A1F-C5BD-4D29-94BA-4286E52ABB43} = {76D279A1-CCF8-4D52-939E-8FC58D02C71A}
		{76D279A1-CCF8-4D52-939E-8FC58D02C71A} = {78F455AA-4FD5-4C4F-8F26-0EF0720E5CBB}
		{EDCD708F-0592-46C1-A586-550272BD9E45} = {78F455AA-4FD5-4C4F-8F26-0EF0720E5CBB}
	EndGlobalSection
EndGlobal
